github.com/codahale/hdrhistogram v0.0.0-20161010025455-3a0bb77429bd h1:qMd81Ts1T2OTKmB4acZcyKaMtRnY5Y44NuXGX2GFJ1w=
github.com/codahale/hdrhistogram v0.0.0-20161010025455-3a0bb77429bd/go.mod h1:sE/e/2PUdi/liOCUjSTXgM1o87ZssimdTWN964YiIeI=
github.com/elastic/go-elasticsearch/v7 v7.6.0 h1:sYpGLpEFHgLUKLsZUBfuaVI9QgHjS3JdH9fX4/z8QI8=
github.com/elastic/go-elasticsearch/v7 v7.6.0/go.mod h1:OJ4wdbtDNk5g503kvlHLyErCgQwwzmDtaFC4XyOxXA4=
